<?xml version="1.0" encoding="utf-8"?>
<Project ToolsVersion="4.0" xmlns="http://schemas.microsoft.com/developer/msbuild/2003">
  <ItemGroup>
    <Filter Include="gta">
      <UniqueIdentifier>{6178880B-CD81-887C-56FD-9E7CC205947C}</UniqueIdentifier>
    </Filter>
    <Filter Include="gui">
      <UniqueIdentifier>{8A78880B-F681-887C-7FFD-9E7CEB05947C}</UniqueIdentifier>
    </Filter>
    <Filter Include="memory">
      <UniqueIdentifier>{DEA8820D-CA4A-ADE3-B305-C1379F463434}</UniqueIdentifier>
    </Filter>
    <Filter Include="pointer">
      <UniqueIdentifier>{73447efb-a77c-4170-9e9f-d4e0d15b6786}</UniqueIdentifier>
    </Filter>
    <Filter Include="hooking">
      <UniqueIdentifier>{bd8e9e17-0d4e-404c-bff8-22e3090b65f3}</UniqueIdentifier>
    </Filter>
    <Filter Include="hooking\detour">
      <UniqueIdentifier>{7deb037a-b5de-4456-a703-ae2c6653f417}</UniqueIdentifier>
    </Filter>
    <Filter Include="hooking\vmt">
      <UniqueIdentifier>{45aa5b7e-fdfd-4393-84eb-1ee4b8a6d41a}</UniqueIdentifier>
    </Filter>
    <Filter Include="script">
      <UniqueIdentifier>{4ee222bb-af22-419a-94ad-e3fa8c767995}</UniqueIdentifier>
    </Filter>
    <Filter Include="script\fiber">
      <UniqueIdentifier>{7b7e18a6-8f25-4546-a980-f09509c3c617}</UniqueIdentifier>
    </Filter>
    <Filter Include="util">
      <UniqueIdentifier>{d6d890dc-06aa-49d7-8950-58ded983b441}</UniqueIdentifier>
    </Filter>
    <Filter Include="log">
      <UniqueIdentifier>{6554a31d-19d5-473c-b6db-6096a8c4ee0a}</UniqueIdentifier>
    </Filter>
    <Filter Include="renderer">
      <UniqueIdentifier>{2718aa2d-7333-4ae3-891a-8ed224c168a5}</UniqueIdentifier>
    </Filter>
    <Filter Include="invoker">
      <UniqueIdentifier>{78bbecd4-abe3-4cef-b7f5-6ea36a6e3539}</UniqueIdentifier>
    </Filter>
  </ItemGroup>
  <ItemGroup>
    <ClInclude Include="src\common.hpp" />
    <ClInclude Include="src\gta\PickupRewards.h">
      <Filter>gta</Filter>
    </ClInclude>
    <ClInclude Include="src\gta\VehicleValues.h">
      <Filter>gta</Filter>
    </ClInclude>
    <ClInclude Include="src\gta\Vehicles.h">
      <Filter>gta</Filter>
    </ClInclude>
    <ClInclude Include="src\gta\Weapons.h">
      <Filter>gta</Filter>
    </ClInclude>
    <ClInclude Include="src\gta\array.hpp">
      <Filter>gta</Filter>
    </ClInclude>
    <ClInclude Include="src\gta\base.hpp">
      <Filter>gta</Filter>
    </ClInclude>
    <ClInclude Include="src\gta\blip.hpp">
      <Filter>gta</Filter>
    </ClInclude>
    <ClInclude Include="src\gta\color.hpp">
      <Filter>gta</Filter>
    </ClInclude>
    <ClInclude Include="src\gta\decal_controller.hpp">
      <Filter>gta</Filter>
    </ClInclude>
    <ClInclude Include="src\gta\enums.hpp">
      <Filter>gta</Filter>
    </ClInclude>
    <ClInclude Include="src\gta\extensible.hpp">
      <Filter>gta</Filter>
    </ClInclude>
    <ClInclude Include="src\gta\fwddec.hpp">
      <Filter>gta</Filter>
    </ClInclude>
    <ClInclude Include="src\gta\joaat.hpp">
      <Filter>gta</Filter>
    </ClInclude>
    <ClInclude Include="src\gta\matrix.hpp">
      <Filter>gta</Filter>
    </ClInclude>
    <ClInclude Include="src\gta\natives.hpp">
      <Filter>gta</Filter>
    </ClInclude>
    <ClInclude Include="src\gta\net_game_event.hpp">
      <Filter>gta</Filter>
    </ClInclude>
    <ClInclude Include="src\gta\net_object_mgr.hpp">
      <Filter>gta</Filter>
    </ClInclude>
    <ClInclude Include="src\gta\node_list.hpp">
      <Filter>gta</Filter>
    </ClInclude>
    <ClInclude Include="src\gta\ped_factory.hpp">
      <Filter>gta</Filter>
    </ClInclude>
    <ClInclude Include="src\gta\player.hpp">
      <Filter>gta</Filter>
    </ClInclude>
    <ClInclude Include="src\gta\ref_aware.hpp">
      <Filter>gta</Filter>
    </ClInclude>
    <ClInclude Include="src\gta\replay.hpp">
      <Filter>gta</Filter>
    </ClInclude>
    <ClInclude Include="src\gta\script_handler.hpp">
      <Filter>gta</Filter>
    </ClInclude>
    <ClInclude Include="src\gta\script_id.hpp">
      <Filter>gta</Filter>
    </ClInclude>
    <ClInclude Include="src\gta\script_program.hpp">
      <Filter>gta</Filter>
    </ClInclude>
    <ClInclude Include="src\gta\script_thread.hpp">
      <Filter>gta</Filter>
    </ClInclude>
    <ClInclude Include="src\gta\sysMemAllocator.hpp">
      <Filter>gta</Filter>
    </ClInclude>
    <ClInclude Include="src\gta\tls_context.hpp">
      <Filter>gta</Filter>
    </ClInclude>
    <ClInclude Include="src\gta\vector.hpp">
      <Filter>gta</Filter>
    </ClInclude>
    <ClInclude Include="src\gui\base_tab.h">
      <Filter>gui</Filter>
    </ClInclude>
    <ClInclude Include="src\memory\all.hpp">
      <Filter>memory</Filter>
    </ClInclude>
    <ClInclude Include="src\memory\fwddec.hpp">
      <Filter>memory</Filter>
    </ClInclude>
    <ClInclude Include="src\memory\handle.hpp">
      <Filter>memory</Filter>
    </ClInclude>
    <ClInclude Include="src\memory\module.hpp">
      <Filter>memory</Filter>
    </ClInclude>
    <ClInclude Include="src\memory\pattern.hpp">
      <Filter>memory</Filter>
    </ClInclude>
    <ClInclude Include="src\memory\pattern_batch.hpp">
      <Filter>memory</Filter>
    </ClInclude>
    <ClInclude Include="src\memory\range.hpp">
      <Filter>memory</Filter>
    </ClInclude>
    <ClInclude Include="src\hooking.hpp">
      <Filter>hooking</Filter>
    </ClInclude>
    <ClInclude Include="src\vmt_hook.hpp">
      <Filter>hooking\vmt</Filter>
    </ClInclude>
    <ClInclude Include="src\detour_hook.hpp">
      <Filter>hooking\detour</Filter>
    </ClInclude>
    <ClInclude Include="src\pointers.hpp">
      <Filter>pointer</Filter>
    </ClInclude>
    <ClInclude Include="src\script.hpp">
      <Filter>script</Filter>
    </ClInclude>
    <ClInclude Include="src\script_global.hpp">
      <Filter>script</Filter>
    </ClInclude>
    <ClInclude Include="src\script_hook.hpp">
      <Filter>script</Filter>
    </ClInclude>
    <ClInclude Include="src\script_local.hpp">
      <Filter>script</Filter>
    </ClInclude>
    <ClInclude Include="src\script_mgr.hpp">
      <Filter>script</Filter>
    </ClInclude>
    <ClInclude Include="src\fiber_pool.hpp">
      <Filter>script\fiber</Filter>
    </ClInclude>
    <ClInclude Include="src\gta_util.hpp">
      <Filter>util</Filter>
    </ClInclude>
    <ClInclude Include="src\fonts.hpp">
      <Filter>util</Filter>
    </ClInclude>
    <ClInclude Include="src\features.hpp">
      <Filter>util</Filter>
    </ClInclude>
    <ClInclude Include="src\benchmark.h">
      <Filter>util</Filter>
    </ClInclude>
    <ClInclude Include="src\imguibitfield.h">
      <Filter>util</Filter>
    </ClInclude>
    <ClInclude Include="src\settings.h">
      <Filter>util</Filter>
    </ClInclude>
    <ClInclude Include="src\logger.hpp">
      <Filter>log</Filter>
    </ClInclude>
    <ClInclude Include="src\gui.hpp">
      <Filter>renderer</Filter>
    </ClInclude>
    <ClInclude Include="src\renderer.hpp">
      <Filter>renderer</Filter>
    </ClInclude>
    <ClInclude Include="src\invoker.hpp">
      <Filter>invoker</Filter>
    </ClInclude>
    <ClInclude Include="src\crossmap.hpp">
      <Filter>invoker</Filter>
    </ClInclude>
    <ClInclude Include="src\natives.hpp">
      <Filter>invoker</Filter>
    </ClInclude>
    <ClInclude Include="src\function_types.hpp">
      <Filter>pointer</Filter>
    </ClInclude>
  </ItemGroup>
  <ItemGroup>
    <ClCompile Include="src\common.cpp" />
    <ClCompile Include="src\gui\base_tab.cpp">
      <Filter>gui</Filter>
    </ClCompile>
    <ClCompile Include="src\main.cpp" />
    <ClCompile Include="src\memory\module.cpp">
      <Filter>memory</Filter>
    </ClCompile>
    <ClCompile Include="src\memory\pattern.cpp">
      <Filter>memory</Filter>
    </ClCompile>
    <ClCompile Include="src\memory\pattern_batch.cpp">
      <Filter>memory</Filter>
    </ClCompile>
    <ClCompile Include="src\memory\range.cpp">
      <Filter>memory</Filter>
    </ClCompile>
    <ClCompile Include="src\hooking.cpp">
      <Filter>hooking</Filter>
    </ClCompile>
    <ClCompile Include="src\vmt_hook.cpp">
      <Filter>hooking\vmt</Filter>
    </ClCompile>
    <ClCompile Include="src\detour_hook.cpp">
      <Filter>hooking\detour</Filter>
    </ClCompile>
    <ClCompile Include="src\pointers.cpp">
      <Filter>pointer</Filter>
    </ClCompile>
    <ClCompile Include="src\script.cpp">
      <Filter>script</Filter>
    </ClCompile>
    <ClCompile Include="src\script_global.cpp">
      <Filter>script</Filter>
    </ClCompile>
    <ClCompile Include="src\script_hook.cpp">
      <Filter>script</Filter>
    </ClCompile>
    <ClCompile Include="src\script_local.cpp">
      <Filter>script</Filter>
    </ClCompile>
    <ClCompile Include="src\script_mgr.cpp">
      <Filter>script</Filter>
    </ClCompile>
    <ClCompile Include="src\fiber_pool.cpp">
      <Filter>script\fiber</Filter>
    </ClCompile>
    <ClCompile Include="src\fonts.cpp">
      <Filter>util</Filter>
    </ClCompile>
    <ClCompile Include="src\features.cpp">
      <Filter>util</Filter>
    </ClCompile>
    <ClCompile Include="src\gui.cpp">
      <Filter>renderer</Filter>
    </ClCompile>
    <ClCompile Include="src\renderer.cpp">
      <Filter>renderer</Filter>
    </ClCompile>
    <ClCompile Include="src\invoker.cpp">
      <Filter>invoker</Filter>
    </ClCompile>
  </ItemGroup>
</Project>